
Microsoft Visual Studio Solution File, Format Version 12.00
Project("{FAE04EC0-301F-11D3-BF4B-00C04F79EFBC}") = "Ducks-Bot", "Ducks-Bot.csproj", "{B52D5161-D5BE-4C6B-9877-AB8B17DD4CB4}"
EndProject
Global
	GlobalSection(SolutionConfigurationPlatforms) = preSolution
		Debug|Any CPU = Debug|Any CPU
		Release|Any CPU = Release|Any CPU
	EndGlobalSection
	GlobalSection(ProjectConfigurationPlatforms) = postSolution
		{B52D5161-D5BE-4C6B-9877-AB8B17DD4CB4}.Debug|Any CPU.ActiveCfg = Debug|Any CPU
		{B52D5161-D5BE-4C6B-9877-AB8B17DD4CB4}.Debug|Any CPU.Build.0 = Debug|Any CPU
		{B52D5161-D5BE-4C6B-9877-AB8B17DD4CB4}.Release|Any CPU.ActiveCfg = Release|Any CPU
		{B52D5161-D5BE-4C6B-9877-AB8B17DD4CB4}.Release|Any CPU.Build.0 = Release|Any CPU
	EndGlobalSection
EndGlobal
